// !$*UTF8*$!
{
	archiveVersion = 1;
	classes = {
	};
	objectVersion = 46;
	objects = {

/* Begin PBXBuildFile section */
		371EE5E0185B6390005DB908 /* Foundation.framework in Frameworks */ = {isa = PBXBuildFile; fileRef = 371EE5DF185B6390005DB908 /* Foundation.framework */; settings = {ATTRIBUTES = (Required, ); }; };
		371EE5E5185B6390005DB908 /* LHSCategoryCollection.h in CopyFiles */ = {isa = PBXBuildFile; fileRef = 371EE5E4185B6390005DB908 /* LHSCategoryCollection.h */; };
		371EE5E7185B6390005DB908 /* LHSCategoryCollection.m in Sources */ = {isa = PBXBuildFile; fileRef = 371EE5E6185B6390005DB908 /* LHSCategoryCollection.m */; };
		372AEEFA186B85E100F131A9 /* UIKit.framework in Frameworks */ = {isa = PBXBuildFile; fileRef = 372AEEF9186B85E100F131A9 /* UIKit.framework */; settings = {ATTRIBUTES = (Required, ); }; };
		372AEEFC186B85EA00F131A9 /* QuartzCore.framework in Frameworks */ = {isa = PBXBuildFile; fileRef = 372AEEFB186B85EA00F131A9 /* QuartzCore.framework */; };
		374B5A9F1A0D512E00A5CC26 /* UIWindow+LHSAdditions.m in Sources */ = {isa = PBXBuildFile; fileRef = 374B5A9E1A0D512E00A5CC26 /* UIWindow+LHSAdditions.m */; };
		37B85F1019EC30580088E6D3 /* UIAlertController+LHSAdditions.m in Sources */ = {isa = PBXBuildFile; fileRef = 37B85F0F19EC30580088E6D3 /* UIAlertController+LHSAdditions.m */; };
		37C03C661A60C6E9007DD408 /* NSURLSession+LHSAdditions.m in Sources */ = {isa = PBXBuildFile; fileRef = 37C03C651A60C6E9007DD408 /* NSURLSession+LHSAdditions.m */; };
		37F2961118F1DA380060089A /* UIFont+LHSAdditions.m in Sources */ = {isa = PBXBuildFile; fileRef = 37F2960118F1DA380060089A /* UIFont+LHSAdditions.m */; };
		37F2961218F1DA380060089A /* UIView+LHSAdditions.m in Sources */ = {isa = PBXBuildFile; fileRef = 37F2960318F1DA380060089A /* UIView+LHSAdditions.m */; };
		37F2961318F1DA380060089A /* UIApplication+LHSAdditions.m in Sources */ = {isa = PBXBuildFile; fileRef = 37F2960618F1DA380060089A /* UIApplication+LHSAdditions.m */; };
		37F2961418F1DA380060089A /* NSAttributedString+Attributes.m in Sources */ = {isa = PBXBuildFile; fileRef = 37F2960718F1DA380060089A /* NSAttributedString+Attributes.m */; };
		37F2961518F1DA380060089A /* UIViewController+LHSAdditions.m in Sources */ = {isa = PBXBuildFile; fileRef = 37F2960818F1DA380060089A /* UIViewController+LHSAdditions.m */; };
		37F2961618F1DA380060089A /* UIScreen+LHSAdditions.m in Sources */ = {isa = PBXBuildFile; fileRef = 37F2960A18F1DA380060089A /* UIScreen+LHSAdditions.m */; };
		37F2961718F1DA380060089A /* UIImage+LHSAdditions.m in Sources */ = {isa = PBXBuildFile; fileRef = 37F2960C18F1DA380060089A /* UIImage+LHSAdditions.m */; };
		37F2962118F2F9050060089A /* UIColor+LHSAdditions.m in Sources */ = {isa = PBXBuildFile; fileRef = 37F2962018F2F9050060089A /* UIColor+LHSAdditions.m */; };
/* End PBXBuildFile section */

/* Begin PBXCopyFilesBuildPhase section */
		371EE5DA185B6390005DB908 /* CopyFiles */ = {
			isa = PBXCopyFilesBuildPhase;
			buildActionMask = 2147483647;
			dstPath = "include/$(PRODUCT_NAME)";
			dstSubfolderSpec = 16;
			files = (
				371EE5E5185B6390005DB908 /* LHSCategoryCollection.h in CopyFiles */,
			);
			runOnlyForDeploymentPostprocessing = 0;
		};
/* End PBXCopyFilesBuildPhase section */

/* Begin PBXFileReference section */
		371EE5DC185B6390005DB908 /* libLHSCategoryCollection.a */ = {isa = PBXFileReference; explicitFileType = archive.ar; includeInIndex = 0; path = libLHSCategoryCollection.a; sourceTree = BUILT_PRODUCTS_DIR; };
		371EE5DF185B6390005DB908 /* Foundation.framework */ = {isa = PBXFileReference; lastKnownFileType = wrapper.framework; name = Foundation.framework; path = System/Library/Frameworks/Foundation.framework; sourceTree = SDKROOT; };
		371EE5E3185B6390005DB908 /* LHSCategoryCollection-Prefix.pch */ = {isa = PBXFileReference; lastKnownFileType = sourcecode.c.h; path = "LHSCategoryCollection-Prefix.pch"; sourceTree = "<group>"; };
		371EE5E4185B6390005DB908 /* LHSCategoryCollection.h */ = {isa = PBXFileReference; lastKnownFileType = sourcecode.c.h; path = LHSCategoryCollection.h; sourceTree = "<group>"; };
		371EE5E6185B6390005DB908 /* LHSCategoryCollection.m */ = {isa = PBXFileReference; lastKnownFileType = sourcecode.c.objc; path = LHSCategoryCollection.m; sourceTree = "<group>"; };
		372AEEF9186B85E100F131A9 /* UIKit.framework */ = {isa = PBXFileReference; lastKnownFileType = wrapper.framework; name = UIKit.framework; path = Platforms/iPhoneOS.platform/Developer/SDKs/iPhoneOS7.1.sdk/System/Library/Frameworks/UIKit.framework; sourceTree = DEVELOPER_DIR; };
		372AEEFB186B85EA00F131A9 /* QuartzCore.framework */ = {isa = PBXFileReference; lastKnownFileType = wrapper.framework; name = QuartzCore.framework; path = Platforms/iPhoneOS.platform/Developer/SDKs/iPhoneOS7.1.sdk/System/Library/Frameworks/QuartzCore.framework; sourceTree = DEVELOPER_DIR; };
		374B5A9D1A0D512E00A5CC26 /* UIWindow+LHSAdditions.h */ = {isa = PBXFileReference; fileEncoding = 4; lastKnownFileType = sourcecode.c.h; name = "UIWindow+LHSAdditions.h"; path = "Categories/UIWindow+LHSAdditions.h"; sourceTree = "<group>"; };
		374B5A9E1A0D512E00A5CC26 /* UIWindow+LHSAdditions.m */ = {isa = PBXFileReference; fileEncoding = 4; lastKnownFileType = sourcecode.c.objc; name = "UIWindow+LHSAdditions.m"; path = "Categories/UIWindow+LHSAdditions.m"; sourceTree = "<group>"; };
		37B85F0E19EC30580088E6D3 /* UIAlertController+LHSAdditions.h */ = {isa = PBXFileReference; fileEncoding = 4; lastKnownFileType = sourcecode.c.h; name = "UIAlertController+LHSAdditions.h"; path = "Categories/UIAlertController+LHSAdditions.h"; sourceTree = "<group>"; };
		37B85F0F19EC30580088E6D3 /* UIAlertController+LHSAdditions.m */ = {isa = PBXFileReference; fileEncoding = 4; lastKnownFileType = sourcecode.c.objc; name = "UIAlertController+LHSAdditions.m"; path = "Categories/UIAlertController+LHSAdditions.m"; sourceTree = "<group>"; };
		37C03C641A60C6E9007DD408 /* NSURLSession+LHSAdditions.h */ = {isa = PBXFileReference; fileEncoding = 4; lastKnownFileType = sourcecode.c.h; name = "NSURLSession+LHSAdditions.h"; path = "Categories/NSURLSession+LHSAdditions.h"; sourceTree = "<group>"; };
		37C03C651A60C6E9007DD408 /* NSURLSession+LHSAdditions.m */ = {isa = PBXFileReference; fileEncoding = 4; lastKnownFileType = sourcecode.c.objc; name = "NSURLSession+LHSAdditions.m"; path = "Categories/NSURLSession+LHSAdditions.m"; sourceTree = "<group>"; };
		37F2960118F1DA380060089A /* UIFont+LHSAdditions.m */ = {isa = PBXFileReference; fileEncoding = 4; lastKnownFileType = sourcecode.c.objc; name = "UIFont+LHSAdditions.m"; path = "Categories/UIFont+LHSAdditions.m"; sourceTree = "<group>"; };
		37F2960218F1DA380060089A /* UIFont+LHSAdditions.h */ = {isa = PBXFileReference; fileEncoding = 4; lastKnownFileType = sourcecode.c.h; name = "UIFont+LHSAdditions.h"; path = "Categories/UIFont+LHSAdditions.h"; sourceTree = "<group>"; };
		37F2960318F1DA380060089A /* UIView+LHSAdditions.m */ = {isa = PBXFileReference; fileEncoding = 4; lastKnownFileType = sourcecode.c.objc; name = "UIView+LHSAdditions.m"; path = "Categories/UIView+LHSAdditions.m"; sourceTree = "<group>"; };
		37F2960418F1DA380060089A /* UIView+LHSAdditions.h */ = {isa = PBXFileReference; fileEncoding = 4; lastKnownFileType = sourcecode.c.h; name = "UIView+LHSAdditions.h"; path = "Categories/UIView+LHSAdditions.h"; sourceTree = "<group>"; };
		37F2960518F1DA380060089A /* UIApplication+LHSAdditions.h */ = {isa = PBXFileReference; fileEncoding = 4; lastKnownFileType = sourcecode.c.h; name = "UIApplication+LHSAdditions.h"; path = "Categories/UIApplication+LHSAdditions.h"; sourceTree = "<group>"; };
		37F2960618F1DA380060089A /* UIApplication+LHSAdditions.m */ = {isa = PBXFileReference; fileEncoding = 4; lastKnownFileType = sourcecode.c.objc; name = "UIApplication+LHSAdditions.m"; path = "Categories/UIApplication+LHSAdditions.m"; sourceTree = "<group>"; };
		37F2960718F1DA380060089A /* NSAttributedString+Attributes.m */ = {isa = PBXFileReference; fileEncoding = 4; lastKnownFileType = sourcecode.c.objc; name = "NSAttributedString+Attributes.m"; path = "Categories/NSAttributedString+Attributes.m"; sourceTree = "<group>"; };
		37F2960818F1DA380060089A /* UIViewController+LHSAdditions.m */ = {isa = PBXFileReference; fileEncoding = 4; lastKnownFileType = sourcecode.c.objc; name = "UIViewController+LHSAdditions.m"; path = "Categories/UIViewController+LHSAdditions.m"; sourceTree = "<group>"; };
		37F2960918F1DA380060089A /* UIImage+LHSAdditions.h */ = {isa = PBXFileReference; fileEncoding = 4; lastKnownFileType = sourcecode.c.h; name = "UIImage+LHSAdditions.h"; path = "Categories/UIImage+LHSAdditions.h"; sourceTree = "<group>"; };
		37F2960A18F1DA380060089A /* UIScreen+LHSAdditions.m */ = {isa = PBXFileReference; fileEncoding = 4; lastKnownFileType = sourcecode.c.objc; name = "UIScreen+LHSAdditions.m"; path = "Categories/UIScreen+LHSAdditions.m"; sourceTree = "<group>"; };
		37F2960B18F1DA380060089A /* UIScreen+LHSAdditions.h */ = {isa = PBXFileReference; fileEncoding = 4; lastKnownFileType = sourcecode.c.h; name = "UIScreen+LHSAdditions.h"; path = "Categories/UIScreen+LHSAdditions.h"; sourceTree = "<group>"; };
		37F2960C18F1DA380060089A /* UIImage+LHSAdditions.m */ = {isa = PBXFileReference; fileEncoding = 4; lastKnownFileType = sourcecode.c.objc; name = "UIImage+LHSAdditions.m"; path = "Categories/UIImage+LHSAdditions.m"; sourceTree = "<group>"; };
		37F2960F18F1DA380060089A /* UIViewController+LHSAdditions.h */ = {isa = PBXFileReference; fileEncoding = 4; lastKnownFileType = sourcecode.c.h; name = "UIViewController+LHSAdditions.h"; path = "Categories/UIViewController+LHSAdditions.h"; sourceTree = "<group>"; };
		37F2961018F1DA380060089A /* NSAttributedString+Attributes.h */ = {isa = PBXFileReference; fileEncoding = 4; lastKnownFileType = sourcecode.c.h; name = "NSAttributedString+Attributes.h"; path = "Categories/NSAttributedString+Attributes.h"; sourceTree = "<group>"; };
		37F2961F18F2F9050060089A /* UIColor+LHSAdditions.h */ = {isa = PBXFileReference; fileEncoding = 4; lastKnownFileType = sourcecode.c.h; name = "UIColor+LHSAdditions.h"; path = "Categories/UIColor+LHSAdditions.h"; sourceTree = "<group>"; };
		37F2962018F2F9050060089A /* UIColor+LHSAdditions.m */ = {isa = PBXFileReference; fileEncoding = 4; lastKnownFileType = sourcecode.c.objc; name = "UIColor+LHSAdditions.m"; path = "Categories/UIColor+LHSAdditions.m"; sourceTree = "<group>"; };
/* End PBXFileReference section */

/* Begin PBXFrameworksBuildPhase section */
		371EE5D9185B6390005DB908 /* Frameworks */ = {
			isa = PBXFrameworksBuildPhase;
			buildActionMask = 2147483647;
			files = (
				372AEEFC186B85EA00F131A9 /* QuartzCore.framework in Frameworks */,
				372AEEFA186B85E100F131A9 /* UIKit.framework in Frameworks */,
				371EE5E0185B6390005DB908 /* Foundation.framework in Frameworks */,
			);
			runOnlyForDeploymentPostprocessing = 0;
		};
/* End PBXFrameworksBuildPhase section */

/* Begin PBXGroup section */
		371EE5C9185B62DF005DB908 = {
			isa = PBXGroup;
			children = (
				37F2960018F1DA2F0060089A /* Categories */,
				371EE5E1185B6390005DB908 /* LHSCategoryCollection */,
				371EE5DE185B6390005DB908 /* Frameworks */,
				371EE5DD185B6390005DB908 /* Products */,
			);
			sourceTree = "<group>";
		};
		371EE5DD185B6390005DB908 /* Products */ = {
			isa = PBXGroup;
			children = (
				371EE5DC185B6390005DB908 /* libLHSCategoryCollection.a */,
			);
			name = Products;
			sourceTree = "<group>";
		};
		371EE5DE185B6390005DB908 /* Frameworks */ = {
			isa = PBXGroup;
			children = (
				372AEEFB186B85EA00F131A9 /* QuartzCore.framework */,
				372AEEF9186B85E100F131A9 /* UIKit.framework */,
				371EE5DF185B6390005DB908 /* Foundation.framework */,
			);
			name = Frameworks;
			sourceTree = "<group>";
		};
		371EE5E1185B6390005DB908 /* LHSCategoryCollection */ = {
			isa = PBXGroup;
			children = (
				371EE5E4185B6390005DB908 /* LHSCategoryCollection.h */,
				371EE5E6185B6390005DB908 /* LHSCategoryCollection.m */,
				371EE5E2185B6390005DB908 /* Supporting Files */,
			);
			path = LHSCategoryCollection;
			sourceTree = "<group>";
		};
		371EE5E2185B6390005DB908 /* Supporting Files */ = {
			isa = PBXGroup;
			children = (
				371EE5E3185B6390005DB908 /* LHSCategoryCollection-Prefix.pch */,
			);
			name = "Supporting Files";
			sourceTree = "<group>";
		};
		37F2960018F1DA2F0060089A /* Categories */ = {
			isa = PBXGroup;
			children = (
				37F2960218F1DA380060089A /* UIFont+LHSAdditions.h */,
				37F2960118F1DA380060089A /* UIFont+LHSAdditions.m */,
				37F2960318F1DA380060089A /* UIView+LHSAdditions.m */,
				37F2960418F1DA380060089A /* UIView+LHSAdditions.h */,
				37F2960518F1DA380060089A /* UIApplication+LHSAdditions.h */,
				37F2960618F1DA380060089A /* UIApplication+LHSAdditions.m */,
				37F2960718F1DA380060089A /* NSAttributedString+Attributes.m */,
				37F2960818F1DA380060089A /* UIViewController+LHSAdditions.m */,
				37F2960918F1DA380060089A /* UIImage+LHSAdditions.h */,
				37F2960A18F1DA380060089A /* UIScreen+LHSAdditions.m */,
				37F2960B18F1DA380060089A /* UIScreen+LHSAdditions.h */,
				37F2960C18F1DA380060089A /* UIImage+LHSAdditions.m */,
				37F2960F18F1DA380060089A /* UIViewController+LHSAdditions.h */,
				37F2961018F1DA380060089A /* NSAttributedString+Attributes.h */,
				37F2961F18F2F9050060089A /* UIColor+LHSAdditions.h */,
				37F2962018F2F9050060089A /* UIColor+LHSAdditions.m */,
				37B85F0E19EC30580088E6D3 /* UIAlertController+LHSAdditions.h */,
				37B85F0F19EC30580088E6D3 /* UIAlertController+LHSAdditions.m */,
				374B5A9D1A0D512E00A5CC26 /* UIWindow+LHSAdditions.h */,
				374B5A9E1A0D512E00A5CC26 /* UIWindow+LHSAdditions.m */,
				37C03C641A60C6E9007DD408 /* NSURLSession+LHSAdditions.h */,
				37C03C651A60C6E9007DD408 /* NSURLSession+LHSAdditions.m */,
			);
			name = Categories;
			sourceTree = "<group>";
		};
/* End PBXGroup section */

/* Begin PBXNativeTarget section */
		371EE5DB185B6390005DB908 /* LHSCategoryCollection */ = {
			isa = PBXNativeTarget;
			buildConfigurationList = 371EE5FD185B6391005DB908 /* Build configuration list for PBXNativeTarget "LHSCategoryCollection" */;
			buildPhases = (
				371EE5D8185B6390005DB908 /* Sources */,
				371EE5D9185B6390005DB908 /* Frameworks */,
				371EE5DA185B6390005DB908 /* CopyFiles */,
			);
			buildRules = (
			);
			dependencies = (
			);
			name = LHSCategoryCollection;
			productName = LHSCategoryCollection;
			productReference = 371EE5DC185B6390005DB908 /* libLHSCategoryCollection.a */;
			productType = "com.apple.product-type.library.static";
		};
/* End PBXNativeTarget section */

/* Begin PBXProject section */
		371EE5CA185B62DF005DB908 /* Project object */ = {
			isa = PBXProject;
			attributes = {
				LastUpgradeCheck = 0500;
			};
			buildConfigurationList = 371EE5CD185B62DF005DB908 /* Build configuration list for PBXProject "LHSCategoryCollection" */;
			compatibilityVersion = "Xcode 3.2";
			developmentRegion = English;
			hasScannedForEncodings = 0;
			knownRegions = (
				en,
			);
			mainGroup = 371EE5C9185B62DF005DB908;
			productRefGroup = 371EE5DD185B6390005DB908 /* Products */;
			projectDirPath = "";
			projectRoot = "";
			targets = (
				371EE5DB185B6390005DB908 /* LHSCategoryCollection */,
			);
		};
/* End PBXProject section */

/* Begin PBXSourcesBuildPhase section */
		371EE5D8185B6390005DB908 /* Sources */ = {
			isa = PBXSourcesBuildPhase;
			buildActionMask = 2147483647;
			files = (
				37F2961518F1DA380060089A /* UIViewController+LHSAdditions.m in Sources */,
				37F2961118F1DA380060089A /* UIFont+LHSAdditions.m in Sources */,
				37F2961418F1DA380060089A /* NSAttributedString+Attributes.m in Sources */,
				37F2962118F2F9050060089A /* UIColor+LHSAdditions.m in Sources */,
				37F2961718F1DA380060089A /* UIImage+LHSAdditions.m in Sources */,
				37F2961218F1DA380060089A /* UIView+LHSAdditions.m in Sources */,
				37B85F1019EC30580088E6D3 /* UIAlertController+LHSAdditions.m in Sources */,
				37F2961318F1DA380060089A /* UIApplication+LHSAdditions.m in Sources */,
				371EE5E7185B6390005DB908 /* LHSCategoryCollection.m in Sources */,
				374B5A9F1A0D512E00A5CC26 /* UIWindow+LHSAdditions.m in Sources */,
				37F2961618F1DA380060089A /* UIScreen+LHSAdditions.m in Sources */,
				37C03C661A60C6E9007DD408 /* NSURLSession+LHSAdditions.m in Sources */,
			);
			runOnlyForDeploymentPostprocessing = 0;
		};
/* End PBXSourcesBuildPhase section */

/* Begin XCBuildConfiguration section */
		371EE5CE185B62DF005DB908 /* Debug */ = {
			isa = XCBuildConfiguration;
			buildSettings = {
				IPHONEOS_DEPLOYMENT_TARGET = 7.0;
				SUPPORTED_PLATFORMS = "iphonesimulator iphoneos";
			};
			name = Debug;
		};
		371EE5CF185B62DF005DB908 /* Release */ = {
			isa = XCBuildConfiguration;
			buildSettings = {
				IPHONEOS_DEPLOYMENT_TARGET = 7.0;
				SUPPORTED_PLATFORMS = "iphonesimulator iphoneos";
			};
			name = Release;
		};
		371EE5FE185B6391005DB908 /* Debug */ = {
			isa = XCBuildConfiguration;
			buildSettings = {
				ALWAYS_SEARCH_USER_PATHS = NO;
				ARCHS = "$(ARCHS_STANDARD)";
				CLANG_CXX_LANGUAGE_STANDARD = "gnu++0x";
				CLANG_CXX_LIBRARY = "libc++";
				CLANG_ENABLE_MODULES = YES;
				CLANG_ENABLE_OBJC_ARC = YES;
				CLANG_WARN_BOOL_CONVERSION = YES;
				CLANG_WARN_CONSTANT_CONVERSION = YES;
				CLANG_WARN_DIRECT_OBJC_ISA_USAGE = YES_ERROR;
				CLANG_WARN_EMPTY_BODY = YES;
				CLANG_WARN_ENUM_CONVERSION = YES;
				CLANG_WARN_INT_CONVERSION = YES;
				CLANG_WARN_OBJC_ROOT_CLASS = YES_ERROR;
				CLANG_WARN__DUPLICATE_METHOD_MATCH = YES;
				COPY_PHASE_STRIP = NO;
				DSTROOT = /tmp/LHSCategoryCollection.dst;
				GCC_C_LANGUAGE_STANDARD = gnu99;
				GCC_DYNAMIC_NO_PIC = NO;
				GCC_OPTIMIZATION_LEVEL = 0;
				GCC_PRECOMPILE_PREFIX_HEADER = YES;
				GCC_PREFIX_HEADER = "LHSCategoryCollection/LHSCategoryCollection-Prefix.pch";
				GCC_PREPROCESSOR_DEFINITIONS = (
					"DEBUG=1",
					"$(inherited)",
				);
				GCC_SYMBOLS_PRIVATE_EXTERN = NO;
				GCC_WARN_64_TO_32_BIT_CONVERSION = YES;
				GCC_WARN_ABOUT_RETURN_TYPE = YES_ERROR;
				GCC_WARN_UNDECLARED_SELECTOR = YES;
				GCC_WARN_UNINITIALIZED_AUTOS = YES;
				GCC_WARN_UNUSED_FUNCTION = YES;
				GCC_WARN_UNUSED_VARIABLE = YES;
				IPHONEOS_DEPLOYMENT_TARGET = 7.1;
				ONLY_ACTIVE_ARCH = YES;
				OTHER_LDFLAGS = "-ObjC";
				PRODUCT_NAME = "$(TARGET_NAME)";
				SDKROOT = iphoneos;
				SKIP_INSTALL = YES;
			};
			name = Debug;
		};
		371EE5FF185B6391005DB908 /* Release */ = {
			isa = XCBuildConfiguration;
			buildSettings = {
				ALWAYS_SEARCH_USER_PATHS = NO;
				ARCHS = "$(ARCHS_STANDARD)";
				CLANG_CXX_LANGUAGE_STANDARD = "gnu++0x";
				CLANG_CXX_LIBRARY = "libc++";
				CLANG_ENABLE_MODULES = YES;
				CLANG_ENABLE_OBJC_ARC = YES;
				CLANG_WARN_BOOL_CONVERSION = YES;
				CLANG_WARN_CONSTANT_CONVERSION = YES;
				CLANG_WARN_DIRECT_OBJC_ISA_USAGE = YES_ERROR;
				CLANG_WARN_EMPTY_BODY = YES;
				CLANG_WARN_ENUM_CONVERSION = YES;
				CLANG_WARN_INT_CONVERSION = YES;
				CLANG_WARN_OBJC_ROOT_CLASS = YES_ERROR;
				CLANG_WARN__DUPLICATE_METHOD_MATCH = YES;
				COPY_PHASE_STRIP = YES;
				DSTROOT = /tmp/LHSCategoryCollection.dst;
				ENABLE_NS_ASSERTIONS = NO;
				GCC_C_LANGUAGE_STANDARD = gnu99;
				GCC_PRECOMPILE_PREFIX_HEADER = YES;
				GCC_PREFIX_HEADER = "LHSCategoryCollection/LHSCategoryCollection-Prefix.pch";
				GCC_WARN_64_TO_32_BIT_CONVERSION = YES;
				GCC_WARN_ABOUT_RETURN_TYPE = YES_ERROR;
				GCC_WARN_UNDECLARED_SELECTOR = YES;
				GCC_WARN_UNINITIALIZED_AUTOS = YES;
				GCC_WARN_UNUSED_FUNCTION = YES;
				GCC_WARN_UNUSED_VARIABLE = YES;
				IPHONEOS_DEPLOYMENT_TARGET = 7.1;
				OTHER_LDFLAGS = "-ObjC";
				PRODUCT_NAME = "$(TARGET_NAME)";
				SDKROOT = iphoneos;
				SKIP_INSTALL = YES;
				VALIDATE_PRODUCT = YES;
			};
			name = Release;
		};
/* End XCBuildConfiguration section */

/* Begin XCConfigurationList section */
		371EE5CD185B62DF005DB908 /* Build configuration list for PBXProject "LHSCategoryCollection" */ = {
			isa = XCConfigurationList;
			buildConfigurations = (
				371EE5CE185B62DF005DB908 /* Debug */,
				371EE5CF185B62DF005DB908 /* Release */,
			);
			defaultConfigurationIsVisible = 0;
			defaultConfigurationName = Release;
		};
		371EE5FD185B6391005DB908 /* Build configuration list for PBXNativeTarget "LHSCategoryCollection" */ = {
			isa = XCConfigurationList;
			buildConfigurations = (
				371EE5FE185B6391005DB908 /* Debug */,
				371EE5FF185B6391005DB908 /* Release */,
			);
			defaultConfigurationIsVisible = 0;
			defaultConfigurationName = Release;
		};
/* End XCConfigurationList section */
	};
	rootObject = 371EE5CA185B62DF005DB908 /* Project object */;
}
